
Microsoft Visual Studio Solution File, Format Version 12.00
# Visual Studio Version 17
VisualStudioVersion = 17.13.35507.96 d17.13
MinimumVisualStudioVersion = 10.0.40219.1
Project("{FAE04EC0-301F-11D3-BF4B-00C04F79EFBC}") = "Topic 1 - Assignment", "Topic 1 - Assignment\Topic 1 - Assignment.csproj", "{17174EB0-F29F-4CE9-8A92-0286ED41B394}"
EndProject
Global
	GlobalSection(SolutionConfigurationPlatforms) = preSolution
		Debug|Any CPU = Debug|Any CPU
		Release|Any CPU = Release|Any CPU
	EndGlobalSection
	GlobalSection(ProjectConfigurationPlatforms) = postSolution
		{17174EB0-F29F-4CE9-8A92-0286ED41B394}.Debug|Any CPU.ActiveCfg = Debug|Any CPU
		{17174EB0-F29F-4CE9-8A92-0286ED41B394}.Debug|Any CPU.Build.0 = Debug|Any CPU
		{17174EB0-F29F-4CE9-8A92-0286ED41B394}.Release|Any CPU.ActiveCfg = Release|Any CPU
		{17174EB0-F29F-4CE9-8A92-0286ED41B394}.Release|Any CPU.Build.0 = Release|Any CPU
	EndGlobalSection
	GlobalSection(SolutionProperties) = preSolution
		HideSolutionNode = FALSE
	EndGlobalSection
	GlobalSection(ExtensibilityGlobals) = postSolution
		SolutionGuid = {29928D63-3E02-4F3D-BA70-7C3B4E29540B}
	EndGlobalSection
EndGlobal
